github.com/alexkohler/nakedret v0.0.0-20171106223215-c0e305a4f690 h1:+tfdYWf4oDrj9c0/77f5oDBxZT2EPjS1AJf+PApGNCk=
github.com/alexkohler/nakedret v0.0.0-20171106223215-c0e305a4f690/go.mod h1:tfDQbtPt67HhBK/6P0yNktIX7peCxfOp0jO9007DrLE=
github.com/golang/lint v0.0.0-20181212231659-93c0bb5c8393 h1:zPbC41jLra0Okid7i+tpwp7vUzgyqaE44vvaLmDTTQU=
github.com/golang/lint v0.0.0-20181212231659-93c0bb5c8393/go.mod h1:tluoj9z5200jBnyusfRPU2LqT6J+DAorxEvtC7LHB+E=
github.com/jgautheron/goconst v0.0.0-20170703170152-9740945f5dcb h1:D5s1HIu80AcMGcqmk7fNIVptmAubVHHaj3v5Upex6Zs=
github.com/jgautheron/goconst v0.0.0-20170703170152-9740945f5dcb/go.mod h1:82TxjOpWQiPmywlbIaB2ZkqJoSYJdLGPgAJDvM3PbKc=
github.com/mibk/dupl v1.0.0 h1:aZc3jqrF9n0tUHwHt/+jsRxA8cRgA0Gdl56M7W7PoqE=
github.com/mibk/dupl v1.0.0/go.mod h1:pCr4pNxxIbFGvtyCOi0c7LVjmV6duhKWV+ex5vh38ME=
golang.org/x/lint v0.0.0-20181212231659-93c0bb5c8393 h1:dGRlBktj39730qkqD0/XX5lfeyP6d8Mcn0W0VmIAwnU=
golang.org/x/lint v0.0.0-20181212231659-93c0bb5c8393/go.mod h1:UVdnD1Gm6xHRNCYTkRU2/jEulfH38KcIWyp/GAMgvoE=
golang.org/x/tools v0.0.0-20181214171254-3c39ce7b6105 h1:kFsnkWrmuEx8NF7fFPXVUvSHzRcmD/9TevF5wNmXizs=
golang.org/x/tools v0.0.0-20181214171254-3c39ce7b6105/go.mod h1:n7NCudcB/nEzxVGmLbDWY5pfWTLqBcC2KZ6jyYvM4mQ=
